
Microsoft Visual Studio Solution File, Format Version 12.00
# Visual Studio Version 16
VisualStudioVersion = 16.0.29215.179
MinimumVisualStudioVersion = 10.0.40219.1
Project("{8BC9CEB8-8B4A-11D0-8D11-00A0C91BC942}") = "Project-1", "Project-1\Project-1.vcxproj", "{C006BD30-24D2-407E-9812-520BD2EAFD85}"
EndProject
Global
	GlobalSection(SolutionConfigurationPlatforms) = preSolution
		Debug|x64 = Debug|x64
		Debug|x86 = Debug|x86
		Release|x64 = Release|x64
		Release|x86 = Release|x86
	EndGlobalSection
	GlobalSection(ProjectConfigurationPlatforms) = postSolution
		{C006BD30-24D2-407E-9812-520BD2EAFD85}.Debug|x64.ActiveCfg = Debug|x64
		{C006BD30-24D2-407E-9812-520BD2EAFD85}.Debug|x64.Build.0 = Debug|x64
		{C006BD30-24D2-407E-9812-520BD2EAFD85}.Debug|x86.ActiveCfg = Debug|Win32
		{C006BD30-24D2-407E-9812-520BD2EAFD85}.Debug|x86.Build.0 = Debug|Win32
		{C006BD30-24D2-407E-9812-520BD2EAFD85}.Release|x64.ActiveCfg = Release|x64
		{C006BD30-24D2-407E-9812-520BD2EAFD85}.Release|x64.Build.0 = Release|x64
		{C006BD30-24D2-407E-9812-520BD2EAFD85}.Release|x86.ActiveCfg = Release|Win32
		{C006BD30-24D2-407E-9812-520BD2EAFD85}.Release|x86.Build.0 = Release|Win32
	EndGlobalSection
	GlobalSection(SolutionProperties) = preSolution
		HideSolutionNode = FALSE
	EndGlobalSection
	GlobalSection(ExtensibilityGlobals) = postSolution
		SolutionGuid = {77F760DA-F24D-4789-B2FA-A9898B617345}
	EndGlobalSection
EndGlobal
